
Microsoft Visual Studio Solution File, Format Version 11.00
# Visual Studio 2010
Project("{FAE04EC0-301F-11D3-BF4B-00C04F79EFBC}") = "Assembly-CSharp", "Assembly-CSharp.csproj", "{45235da6-3342-b4ac-0798-a8916f0184ca}"
EndProject
Project("{FAE04EC0-301F-11D3-BF4B-00C04F79EFBC}") = "EasyCharacterMovement.Characters", "EasyCharacterMovement.Characters.csproj", "{58f3abf0-7541-8f6c-3d1b-3108d1eeabdc}"
EndProject
Project("{FAE04EC0-301F-11D3-BF4B-00C04F79EFBC}") = "Assembly-CSharp-Editor", "Assembly-CSharp-Editor.csproj", "{82a2a84b-2795-fba6-f54d-0f3b832fa066}"
EndProject
Project("{FAE04EC0-301F-11D3-BF4B-00C04F79EFBC}") = "EasyCharacterMovement.CharacterMovement", "EasyCharacterMovement.CharacterMovement.csproj", "{880645ee-1fa5-9e73-8f15-55489f7e5a5c}"
EndProject
Global
	GlobalSection(SolutionConfigurationPlatforms) = preSolution
		Debug|Any CPU = Debug|Any CPU
	EndGlobalSection
	GlobalSection(ProjectConfigurationPlatforms) = postSolution
		{45235da6-3342-b4ac-0798-a8916f0184ca}.Debug|Any CPU.ActiveCfg = Debug|Any CPU
		{45235da6-3342-b4ac-0798-a8916f0184ca}.Debug|Any CPU.Build.0 = Debug|Any CPU
		{58f3abf0-7541-8f6c-3d1b-3108d1eeabdc}.Debug|Any CPU.ActiveCfg = Debug|Any CPU
		{58f3abf0-7541-8f6c-3d1b-3108d1eeabdc}.Debug|Any CPU.Build.0 = Debug|Any CPU
		{82a2a84b-2795-fba6-f54d-0f3b832fa066}.Debug|Any CPU.ActiveCfg = Debug|Any CPU
		{82a2a84b-2795-fba6-f54d-0f3b832fa066}.Debug|Any CPU.Build.0 = Debug|Any CPU
		{880645ee-1fa5-9e73-8f15-55489f7e5a5c}.Debug|Any CPU.ActiveCfg = Debug|Any CPU
		{880645ee-1fa5-9e73-8f15-55489f7e5a5c}.Debug|Any CPU.Build.0 = Debug|Any CPU
	EndGlobalSection
	GlobalSection(SolutionProperties) = preSolution
		HideSolutionNode = FALSE
	EndGlobalSection
EndGlobal
